
Microsoft Visual Studio Solution File, Format Version 12.00
# Visual Studio 14
VisualStudioVersion = 14.0.25123.0
MinimumVisualStudioVersion = 10.0.40219.1
Project("{FAE04EC0-301F-11D3-BF4B-00C04F79EFBC}") = "ProfitWise.Server", "ProfitWise.Server\ProfitWise.Server.csproj", "{BB5BA8B0-A8F0-47F3-A58E-33355126EB89}"
EndProject
Project("{FAE04EC0-301F-11D3-BF4B-00C04F79EFBC}") = "ProfitWise.Data", "ProfitWise.Data\ProfitWise.Data.csproj", "{CE56511C-1D8F-4537-96B9-EF03DA326F90}"
EndProject
Project("{FAE04EC0-301F-11D3-BF4B-00C04F79EFBC}") = "ProfitWise.Batch", "ProfitWise.Batch\ProfitWise.Batch.csproj", "{6BBA037F-DA5C-48E3-8D74-AF67B93AC37F}"
EndProject
Project("{FAE04EC0-301F-11D3-BF4B-00C04F79EFBC}") = "ProfitWise.Web", "ProfitWise.Web\ProfitWise.Web.csproj", "{75D52D7A-E688-4A42-B442-323829E692BE}"
EndProject
Project("{FAE04EC0-301F-11D3-BF4B-00C04F79EFBC}") = "Push.Foundation.Utilities", "Push.Foundation.Utilities\Push.Foundation.Utilities.csproj", "{4E08819B-BAB3-46EE-9479-141AF7A4057D}"
EndProject
Project("{FAE04EC0-301F-11D3-BF4B-00C04F79EFBC}") = "Push.Foundation.Web", "Push.Foundation.Web\Push.Foundation.Web.csproj", "{09B408FF-DD25-46D4-ABE6-012BAAC51296}"
EndProject
Project("{FAE04EC0-301F-11D3-BF4B-00C04F79EFBC}") = "Push.Shopify", "Push.Shopify\Push.Shopify.csproj", "{98704840-5BBD-4175-AE04-45A40CD48ADB}"
EndProject
Project("{FAE04EC0-301F-11D3-BF4B-00C04F79EFBC}") = "ProfitWise.TestData", "ProfitWise.DataMocks\ProfitWise.TestData.csproj", "{5451AD2D-AACD-4050-9A53-CFED81F062DC}"
EndProject
Project("{FAE04EC0-301F-11D3-BF4B-00C04F79EFBC}") = "Push.Foundation.EncryptionBuddy", "Push.Foundation.EncryptionBuddy\Push.Foundation.EncryptionBuddy.csproj", "{AC26FCA1-447E-44A8-A905-8CA8E0090CAF}"
EndProject
Project("{FAE04EC0-301F-11D3-BF4B-00C04F79EFBC}") = "ProfitWise.Test", "ProfitWise.Test\ProfitWise.Test.csproj", "{81F30573-25F8-4EA7-8957-38F3D93DB690}"
EndProject
Global
	GlobalSection(SolutionConfigurationPlatforms) = preSolution
		Debug Aleks|Any CPU = Debug Aleks|Any CPU
		Debug Jeremy|Any CPU = Debug Jeremy|Any CPU
		Debug|Any CPU = Debug|Any CPU
		Release Standalone|Any CPU = Release Standalone|Any CPU
		Release|Any CPU = Release|Any CPU
	EndGlobalSection
	GlobalSection(ProjectConfigurationPlatforms) = postSolution
		{BB5BA8B0-A8F0-47F3-A58E-33355126EB89}.Debug Aleks|Any CPU.ActiveCfg = Debug Aleks|Any CPU
		{BB5BA8B0-A8F0-47F3-A58E-33355126EB89}.Debug Aleks|Any CPU.Build.0 = Debug Aleks|Any CPU
		{BB5BA8B0-A8F0-47F3-A58E-33355126EB89}.Debug Jeremy|Any CPU.ActiveCfg = Debug Jeremy|Any CPU
		{BB5BA8B0-A8F0-47F3-A58E-33355126EB89}.Debug Jeremy|Any CPU.Build.0 = Debug Jeremy|Any CPU
		{BB5BA8B0-A8F0-47F3-A58E-33355126EB89}.Debug|Any CPU.ActiveCfg = Debug|Any CPU
		{BB5BA8B0-A8F0-47F3-A58E-33355126EB89}.Debug|Any CPU.Build.0 = Debug|Any CPU
		{BB5BA8B0-A8F0-47F3-A58E-33355126EB89}.Release Standalone|Any CPU.ActiveCfg = Release|Any CPU
		{BB5BA8B0-A8F0-47F3-A58E-33355126EB89}.Release Standalone|Any CPU.Build.0 = Release|Any CPU
		{BB5BA8B0-A8F0-47F3-A58E-33355126EB89}.Release|Any CPU.ActiveCfg = Release|Any CPU
		{BB5BA8B0-A8F0-47F3-A58E-33355126EB89}.Release|Any CPU.Build.0 = Release|Any CPU
		{CE56511C-1D8F-4537-96B9-EF03DA326F90}.Debug Aleks|Any CPU.ActiveCfg = Debug Aleks|Any CPU
		{CE56511C-1D8F-4537-96B9-EF03DA326F90}.Debug Aleks|Any CPU.Build.0 = Debug Aleks|Any CPU
		{CE56511C-1D8F-4537-96B9-EF03DA326F90}.Debug Jeremy|Any CPU.ActiveCfg = Debug Jeremy|Any CPU
		{CE56511C-1D8F-4537-96B9-EF03DA326F90}.Debug Jeremy|Any CPU.Build.0 = Debug Jeremy|Any CPU
		{CE56511C-1D8F-4537-96B9-EF03DA326F90}.Debug|Any CPU.ActiveCfg = Debug|Any CPU
		{CE56511C-1D8F-4537-96B9-EF03DA326F90}.Debug|Any CPU.Build.0 = Debug|Any CPU
		{CE56511C-1D8F-4537-96B9-EF03DA326F90}.Release Standalone|Any CPU.ActiveCfg = Release|Any CPU
		{CE56511C-1D8F-4537-96B9-EF03DA326F90}.Release Standalone|Any CPU.Build.0 = Release|Any CPU
		{CE56511C-1D8F-4537-96B9-EF03DA326F90}.Release|Any CPU.ActiveCfg = Release|Any CPU
		{CE56511C-1D8F-4537-96B9-EF03DA326F90}.Release|Any CPU.Build.0 = Release|Any CPU
		{6BBA037F-DA5C-48E3-8D74-AF67B93AC37F}.Debug Aleks|Any CPU.ActiveCfg = Debug Aleks|Any CPU
		{6BBA037F-DA5C-48E3-8D74-AF67B93AC37F}.Debug Aleks|Any CPU.Build.0 = Debug Aleks|Any CPU
		{6BBA037F-DA5C-48E3-8D74-AF67B93AC37F}.Debug Jeremy|Any CPU.ActiveCfg = Debug Jeremy|Any CPU
		{6BBA037F-DA5C-48E3-8D74-AF67B93AC37F}.Debug Jeremy|Any CPU.Build.0 = Debug Jeremy|Any CPU
		{6BBA037F-DA5C-48E3-8D74-AF67B93AC37F}.Debug|Any CPU.ActiveCfg = Debug|Any CPU
		{6BBA037F-DA5C-48E3-8D74-AF67B93AC37F}.Debug|Any CPU.Build.0 = Debug|Any CPU
		{6BBA037F-DA5C-48E3-8D74-AF67B93AC37F}.Release Standalone|Any CPU.ActiveCfg = Release Standalone|Any CPU
		{6BBA037F-DA5C-48E3-8D74-AF67B93AC37F}.Release Standalone|Any CPU.Build.0 = Release Standalone|Any CPU
		{6BBA037F-DA5C-48E3-8D74-AF67B93AC37F}.Release|Any CPU.ActiveCfg = Release|Any CPU
		{6BBA037F-DA5C-48E3-8D74-AF67B93AC37F}.Release|Any CPU.Build.0 = Release|Any CPU
		{75D52D7A-E688-4A42-B442-323829E692BE}.Debug Aleks|Any CPU.ActiveCfg = Debug Aleks|Any CPU
		{75D52D7A-E688-4A42-B442-323829E692BE}.Debug Aleks|Any CPU.Build.0 = Debug Aleks|Any CPU
		{75D52D7A-E688-4A42-B442-323829E692BE}.Debug Jeremy|Any CPU.ActiveCfg = Debug Jeremy|Any CPU
		{75D52D7A-E688-4A42-B442-323829E692BE}.Debug Jeremy|Any CPU.Build.0 = Debug Jeremy|Any CPU
		{75D52D7A-E688-4A42-B442-323829E692BE}.Debug|Any CPU.ActiveCfg = Debug|Any CPU
		{75D52D7A-E688-4A42-B442-323829E692BE}.Debug|Any CPU.Build.0 = Debug|Any CPU
		{75D52D7A-E688-4A42-B442-323829E692BE}.Release Standalone|Any CPU.ActiveCfg = Release|Any CPU
		{75D52D7A-E688-4A42-B442-323829E692BE}.Release Standalone|Any CPU.Build.0 = Release|Any CPU
		{75D52D7A-E688-4A42-B442-323829E692BE}.Release|Any CPU.ActiveCfg = Release|Any CPU
		{75D52D7A-E688-4A42-B442-323829E692BE}.Release|Any CPU.Build.0 = Release|Any CPU
		{4E08819B-BAB3-46EE-9479-141AF7A4057D}.Debug Aleks|Any CPU.ActiveCfg = Debug Aleks|Any CPU
		{4E08819B-BAB3-46EE-9479-141AF7A4057D}.Debug Aleks|Any CPU.Build.0 = Debug Aleks|Any CPU
		{4E08819B-BAB3-46EE-9479-141AF7A4057D}.Debug Jeremy|Any CPU.ActiveCfg = Debug Jeremy|Any CPU
		{4E08819B-BAB3-46EE-9479-141AF7A4057D}.Debug Jeremy|Any CPU.Build.0 = Debug Jeremy|Any CPU
		{4E08819B-BAB3-46EE-9479-141AF7A4057D}.Debug|Any CPU.ActiveCfg = Debug|Any CPU
		{4E08819B-BAB3-46EE-9479-141AF7A4057D}.Debug|Any CPU.Build.0 = Debug|Any CPU
		{4E08819B-BAB3-46EE-9479-141AF7A4057D}.Release Standalone|Any CPU.ActiveCfg = Release|Any CPU
		{4E08819B-BAB3-46EE-9479-141AF7A4057D}.Release Standalone|Any CPU.Build.0 = Release|Any CPU
		{4E08819B-BAB3-46EE-9479-141AF7A4057D}.Release|Any CPU.ActiveCfg = Release|Any CPU
		{4E08819B-BAB3-46EE-9479-141AF7A4057D}.Release|Any CPU.Build.0 = Release|Any CPU
		{09B408FF-DD25-46D4-ABE6-012BAAC51296}.Debug Aleks|Any CPU.ActiveCfg = Debug Aleks|Any CPU
		{09B408FF-DD25-46D4-ABE6-012BAAC51296}.Debug Aleks|Any CPU.Build.0 = Debug Aleks|Any CPU
		{09B408FF-DD25-46D4-ABE6-012BAAC51296}.Debug Jeremy|Any CPU.ActiveCfg = Debug Jeremy|Any CPU
		{09B408FF-DD25-46D4-ABE6-012BAAC51296}.Debug Jeremy|Any CPU.Build.0 = Debug Jeremy|Any CPU
		{09B408FF-DD25-46D4-ABE6-012BAAC51296}.Debug|Any CPU.ActiveCfg = Debug|Any CPU
		{09B408FF-DD25-46D4-ABE6-012BAAC51296}.Debug|Any CPU.Build.0 = Debug|Any CPU
		{09B408FF-DD25-46D4-ABE6-012BAAC51296}.Release Standalone|Any CPU.ActiveCfg = Release|Any CPU
		{09B408FF-DD25-46D4-ABE6-012BAAC51296}.Release Standalone|Any CPU.Build.0 = Release|Any CPU
		{09B408FF-DD25-46D4-ABE6-012BAAC51296}.Release|Any CPU.ActiveCfg = Release|Any CPU
		{09B408FF-DD25-46D4-ABE6-012BAAC51296}.Release|Any CPU.Build.0 = Release|Any CPU
		{98704840-5BBD-4175-AE04-45A40CD48ADB}.Debug Aleks|Any CPU.ActiveCfg = Debug Aleks|Any CPU
		{98704840-5BBD-4175-AE04-45A40CD48ADB}.Debug Aleks|Any CPU.Build.0 = Debug Aleks|Any CPU
		{98704840-5BBD-4175-AE04-45A40CD48ADB}.Debug Jeremy|Any CPU.ActiveCfg = Debug Jeremy|Any CPU
		{98704840-5BBD-4175-AE04-45A40CD48ADB}.Debug Jeremy|Any CPU.Build.0 = Debug Jeremy|Any CPU
		{98704840-5BBD-4175-AE04-45A40CD48ADB}.Debug|Any CPU.ActiveCfg = Debug|Any CPU
		{98704840-5BBD-4175-AE04-45A40CD48ADB}.Debug|Any CPU.Build.0 = Debug|Any CPU
		{98704840-5BBD-4175-AE04-45A40CD48ADB}.Release Standalone|Any CPU.ActiveCfg = Release|Any CPU
		{98704840-5BBD-4175-AE04-45A40CD48ADB}.Release Standalone|Any CPU.Build.0 = Release|Any CPU
		{98704840-5BBD-4175-AE04-45A40CD48ADB}.Release|Any CPU.ActiveCfg = Release|Any CPU
		{98704840-5BBD-4175-AE04-45A40CD48ADB}.Release|Any CPU.Build.0 = Release|Any CPU
		{5451AD2D-AACD-4050-9A53-CFED81F062DC}.Debug Aleks|Any CPU.ActiveCfg = Debug Aleks|Any CPU
		{5451AD2D-AACD-4050-9A53-CFED81F062DC}.Debug Aleks|Any CPU.Build.0 = Debug Aleks|Any CPU
		{5451AD2D-AACD-4050-9A53-CFED81F062DC}.Debug Jeremy|Any CPU.ActiveCfg = Debug Jeremy|Any CPU
		{5451AD2D-AACD-4050-9A53-CFED81F062DC}.Debug Jeremy|Any CPU.Build.0 = Debug Jeremy|Any CPU
		{5451AD2D-AACD-4050-9A53-CFED81F062DC}.Debug|Any CPU.ActiveCfg = Debug|Any CPU
		{5451AD2D-AACD-4050-9A53-CFED81F062DC}.Debug|Any CPU.Build.0 = Debug|Any CPU
		{5451AD2D-AACD-4050-9A53-CFED81F062DC}.Release Standalone|Any CPU.ActiveCfg = Release|Any CPU
		{5451AD2D-AACD-4050-9A53-CFED81F062DC}.Release Standalone|Any CPU.Build.0 = Release|Any CPU
		{5451AD2D-AACD-4050-9A53-CFED81F062DC}.Release|Any CPU.ActiveCfg = Release|Any CPU
		{5451AD2D-AACD-4050-9A53-CFED81F062DC}.Release|Any CPU.Build.0 = Release|Any CPU
		{AC26FCA1-447E-44A8-A905-8CA8E0090CAF}.Debug Aleks|Any CPU.ActiveCfg = Debug Aleks|Any CPU
		{AC26FCA1-447E-44A8-A905-8CA8E0090CAF}.Debug Aleks|Any CPU.Build.0 = Debug Aleks|Any CPU
		{AC26FCA1-447E-44A8-A905-8CA8E0090CAF}.Debug Jeremy|Any CPU.ActiveCfg = Debug Jeremy|Any CPU
		{AC26FCA1-447E-44A8-A905-8CA8E0090CAF}.Debug Jeremy|Any CPU.Build.0 = Debug Jeremy|Any CPU
		{AC26FCA1-447E-44A8-A905-8CA8E0090CAF}.Debug|Any CPU.ActiveCfg = Debug|Any CPU
		{AC26FCA1-447E-44A8-A905-8CA8E0090CAF}.Debug|Any CPU.Build.0 = Debug|Any CPU
		{AC26FCA1-447E-44A8-A905-8CA8E0090CAF}.Release Standalone|Any CPU.ActiveCfg = Release|Any CPU
		{AC26FCA1-447E-44A8-A905-8CA8E0090CAF}.Release Standalone|Any CPU.Build.0 = Release|Any CPU
		{AC26FCA1-447E-44A8-A905-8CA8E0090CAF}.Release|Any CPU.ActiveCfg = Release|Any CPU
		{AC26FCA1-447E-44A8-A905-8CA8E0090CAF}.Release|Any CPU.Build.0 = Release|Any CPU
		{81F30573-25F8-4EA7-8957-38F3D93DB690}.Debug Aleks|Any CPU.ActiveCfg = Debug Aleks|Any CPU
		{81F30573-25F8-4EA7-8957-38F3D93DB690}.Debug Aleks|Any CPU.Build.0 = Debug Aleks|Any CPU
		{81F30573-25F8-4EA7-8957-38F3D93DB690}.Debug Jeremy|Any CPU.ActiveCfg = Debug Jeremy|Any CPU
		{81F30573-25F8-4EA7-8957-38F3D93DB690}.Debug Jeremy|Any CPU.Build.0 = Debug Jeremy|Any CPU
		{81F30573-25F8-4EA7-8957-38F3D93DB690}.Debug|Any CPU.ActiveCfg = Debug|Any CPU
		{81F30573-25F8-4EA7-8957-38F3D93DB690}.Debug|Any CPU.Build.0 = Debug|Any CPU
		{81F30573-25F8-4EA7-8957-38F3D93DB690}.Release Standalone|Any CPU.ActiveCfg = Release|Any CPU
		{81F30573-25F8-4EA7-8957-38F3D93DB690}.Release Standalone|Any CPU.Build.0 = Release|Any CPU
		{81F30573-25F8-4EA7-8957-38F3D93DB690}.Release|Any CPU.ActiveCfg = Release|Any CPU
		{81F30573-25F8-4EA7-8957-38F3D93DB690}.Release|Any CPU.Build.0 = Release|Any CPU
	EndGlobalSection
	GlobalSection(SolutionProperties) = preSolution
		HideSolutionNode = FALSE
	EndGlobalSection
EndGlobal
